
Microsoft Visual Studio Solution File, Format Version 12.00
# Visual Studio Version 16
VisualStudioVersion = 16.0.29306.81
MinimumVisualStudioVersion = 10.0.40219.1
Project("{9A19103F-16F7-4668-BE54-9A1E7A4F7556}") = "razortest", "razortest.csproj", "{C4C5982C-D304-4F34-8A09-5DBC3CA7BC57}"
EndProject
Global
	GlobalSection(SolutionConfigurationPlatforms) = preSolution
		Debug|Any CPU = Debug|Any CPU
		Release|Any CPU = Release|Any CPU
	EndGlobalSection
	GlobalSection(ProjectConfigurationPlatforms) = postSolution
		{C4C5982C-D304-4F34-8A09-5DBC3CA7BC57}.Debug|Any CPU.ActiveCfg = Debug|Any CPU
		{C4C5982C-D304-4F34-8A09-5DBC3CA7BC57}.Debug|Any CPU.Build.0 = Debug|Any CPU
		{C4C5982C-D304-4F34-8A09-5DBC3CA7BC57}.Release|Any CPU.ActiveCfg = Release|Any CPU
		{C4C5982C-D304-4F34-8A09-5DBC3CA7BC57}.Release|Any CPU.Build.0 = Release|Any CPU
	EndGlobalSection
	GlobalSection(SolutionProperties) = preSolution
		HideSolutionNode = FALSE
	EndGlobalSection
	GlobalSection(ExtensibilityGlobals) = postSolution
		SolutionGuid = {B71B8780-136B-462F-B18B-A363B0498AB1}
	EndGlobalSection
EndGlobal
